# THIS IS AN AUTOGENERATED FILE. DO NOT EDIT THIS FILE DIRECTLY.
# yarn lockfile v1


"@fortawesome/fontawesome-common-types@^0.2.30":
  version "0.2.30"
  resolved "https://npm.fontawesome.com/@fortawesome/fontawesome-common-types/-/0.2.30/fontawesome-common-types-0.2.30.tgz#2f1cc5b46bd76723be41d0013a8450c9ba92b777"
  integrity sha512-TsRwpTuKwFNiPhk1UfKgw7zNPeV5RhNp2Uw3pws+9gDAkPGKrtjR1y2lI3SYn7+YzyfuNknflpBA1LRKjt7hMg==

"@fortawesome/pro-duotone-svg-icons@^5.13.0":
  version "5.14.0"
  resolved "https://npm.fontawesome.com/@fortawesome/pro-duotone-svg-icons/-/5.14.0/pro-duotone-svg-icons-5.14.0.tgz#475d982c7115114a97b2a21af0a80f393eb33096"
  integrity sha512-PUJTkwVVO0DawDdQF/RGzj65bQpU9qlp4Aa5AaQ9taF+7vDD5n9WMPttzNiuCxoBDC40fTh9SdenhiNW+Dlybg==
  dependencies:
    "@fortawesome/fontawesome-common-types" "^0.2.30"

"@fortawesome/pro-light-svg-icons@^5.13.0":
  version "5.14.0"
  resolved "https://npm.fontawesome.com/@fortawesome/pro-light-svg-icons/-/5.14.0/pro-light-svg-icons-5.14.0.tgz#4a0614a7496b71fbe6d326723a9eaf08eb988960"
  integrity sha512-g/jIMvaXtGU8/e2JPFiAfacHTJ9qjsutbGvlIuG3MCFxGI6CbWC2W4wcMcHgvIgsFbyr7Nvv8jDGO4q1SubLTQ==
  dependencies:
    "@fortawesome/fontawesome-common-types" "^0.2.30"

"@fortawesome/pro-regular-svg-icons@^5.13.0":
  version "5.14.0"
  resolved "https://npm.fontawesome.com/@fortawesome/pro-regular-svg-icons/-/5.14.0/pro-regular-svg-icons-5.14.0.tgz#3c5847396fee6591c1d1086548ba4dce4d8d6d66"
  integrity sha512-DYJktCkmPWds7p0eKWwBmOp2BZuvuzh0a8/oc8MMIJX3D3fX4BXiJqgpdcDRTd21t2pC91X0B5LTt589TNtBjQ==
  dependencies:
    "@fortawesome/fontawesome-common-types" "^0.2.30"

"@fortawesome/pro-solid-svg-icons@^5.13.0":
  version "5.14.0"
  resolved "https://npm.fontawesome.com/@fortawesome/pro-solid-svg-icons/-/5.14.0/pro-solid-svg-icons-5.14.0.tgz#8da47f25a043acd4f47b837a4a696166415c9b97"
  integrity sha512-+xtjbIy/bjzs4Rv/227uPJQ+b4GNdrW6MP4hWGI/VX33wgMaw+NekK4AK2UC0EDZBqYHp9+8hDzjTE6BxAz0lw==
  dependencies:
    "@fortawesome/fontawesome-common-types" "^0.2.30"

bs-platform@^7.3.2:
  version "7.3.2"
  resolved "https://registry.yarnpkg.com/bs-platform/-/bs-platform-7.3.2.tgz#301f5c9b4e8cf5713cb60ca22e145e56e793affe"
  integrity sha512-seJL5g4anK9la4erv+B2o2sMHQCxDF6OCRl9en3hbaUos/S3JsusQ0sPp4ORsbx5eXfHLYBwPljwKXlgpXtsgQ==

reason-react@^0.9.1:
  version "0.9.1"
  resolved "https://registry.yarnpkg.com/reason-react/-/reason-react-0.9.1.tgz#30a887158200b659aa03e2d75ff4cc54dc462bb0"
  integrity sha512-nlH0O2TDy9KzOLOW+vlEQk4ExHOeciyzFdoLcsmmiit6hx6H5+CVDrwJ+8aiaLT/kqK5xFOjy4PS7PftWz4plA==
